
Microsoft Visual Studio Solution File, Format Version 12.00
# Visual Studio Version 17
VisualStudioVersion = 17.3.32901.215
MinimumVisualStudioVersion = 10.0.40219.1
Project("{FAE04EC0-301F-11D3-BF4B-00C04F79EFBC}") = "NewTalents", "newTalents\NewTalents.csproj", "{EFF25A8A-A398-422F-B8FD-190181C7E9AE}"
EndProject
Project("{FAE04EC0-301F-11D3-BF4B-00C04F79EFBC}") = "TestNewTalents", "TestNewTalents\TestNewTalents.csproj", "{20919F7B-ED0C-4A5F-A909-2358DD12BC90}"
EndProject
Global
	GlobalSection(SolutionConfigurationPlatforms) = preSolution
		Debug|Any CPU = Debug|Any CPU
		Debug|x64 = Debug|x64
		Debug|x86 = Debug|x86
		Release|Any CPU = Release|Any CPU
		Release|x64 = Release|x64
		Release|x86 = Release|x86
	EndGlobalSection
	GlobalSection(ProjectConfigurationPlatforms) = postSolution
		{EFF25A8A-A398-422F-B8FD-190181C7E9AE}.Debug|Any CPU.ActiveCfg = Debug|Any CPU
		{EFF25A8A-A398-422F-B8FD-190181C7E9AE}.Debug|Any CPU.Build.0 = Debug|Any CPU
		{EFF25A8A-A398-422F-B8FD-190181C7E9AE}.Debug|x64.ActiveCfg = Debug|Any CPU
		{EFF25A8A-A398-422F-B8FD-190181C7E9AE}.Debug|x64.Build.0 = Debug|Any CPU
		{EFF25A8A-A398-422F-B8FD-190181C7E9AE}.Debug|x86.ActiveCfg = Debug|Any CPU
		{EFF25A8A-A398-422F-B8FD-190181C7E9AE}.Debug|x86.Build.0 = Debug|Any CPU
		{EFF25A8A-A398-422F-B8FD-190181C7E9AE}.Release|Any CPU.ActiveCfg = Release|Any CPU
		{EFF25A8A-A398-422F-B8FD-190181C7E9AE}.Release|Any CPU.Build.0 = Release|Any CPU
		{EFF25A8A-A398-422F-B8FD-190181C7E9AE}.Release|x64.ActiveCfg = Release|Any CPU
		{EFF25A8A-A398-422F-B8FD-190181C7E9AE}.Release|x64.Build.0 = Release|Any CPU
		{EFF25A8A-A398-422F-B8FD-190181C7E9AE}.Release|x86.ActiveCfg = Release|Any CPU
		{EFF25A8A-A398-422F-B8FD-190181C7E9AE}.Release|x86.Build.0 = Release|Any CPU
		{20919F7B-ED0C-4A5F-A909-2358DD12BC90}.Debug|Any CPU.ActiveCfg = Debug|Any CPU
		{20919F7B-ED0C-4A5F-A909-2358DD12BC90}.Debug|Any CPU.Build.0 = Debug|Any CPU
		{20919F7B-ED0C-4A5F-A909-2358DD12BC90}.Debug|x64.ActiveCfg = Debug|Any CPU
		{20919F7B-ED0C-4A5F-A909-2358DD12BC90}.Debug|x64.Build.0 = Debug|Any CPU
		{20919F7B-ED0C-4A5F-A909-2358DD12BC90}.Debug|x86.ActiveCfg = Debug|Any CPU
		{20919F7B-ED0C-4A5F-A909-2358DD12BC90}.Debug|x86.Build.0 = Debug|Any CPU
		{20919F7B-ED0C-4A5F-A909-2358DD12BC90}.Release|Any CPU.ActiveCfg = Release|Any CPU
		{20919F7B-ED0C-4A5F-A909-2358DD12BC90}.Release|Any CPU.Build.0 = Release|Any CPU
		{20919F7B-ED0C-4A5F-A909-2358DD12BC90}.Release|x64.ActiveCfg = Release|Any CPU
		{20919F7B-ED0C-4A5F-A909-2358DD12BC90}.Release|x64.Build.0 = Release|Any CPU
		{20919F7B-ED0C-4A5F-A909-2358DD12BC90}.Release|x86.ActiveCfg = Release|Any CPU
		{20919F7B-ED0C-4A5F-A909-2358DD12BC90}.Release|x86.Build.0 = Release|Any CPU
	EndGlobalSection
	GlobalSection(SolutionProperties) = preSolution
		HideSolutionNode = FALSE
	EndGlobalSection
	GlobalSection(ExtensibilityGlobals) = postSolution
		SolutionGuid = {31C2C736-95CE-4B06-A627-6524DCA6A585}
	EndGlobalSection
EndGlobal
